
Microsoft Visual Studio Solution File, Format Version 12.00
# Visual Studio Version 17
VisualStudioVersion = 17.5.33424.131
MinimumVisualStudioVersion = 10.0.40219.1
Project("{FAE04EC0-301F-11D3-BF4B-00C04F79EFBC}") = "KMZI_Lab3", "KMZI_Lab3\KMZI_Lab3.csproj", "{58D7F807-DD98-45FA-BC5D-E1D62CA8FC41}"
EndProject
Global
	GlobalSection(SolutionConfigurationPlatforms) = preSolution
		Debug|Any CPU = Debug|Any CPU
		Release|Any CPU = Release|Any CPU
	EndGlobalSection
	GlobalSection(ProjectConfigurationPlatforms) = postSolution
		{58D7F807-DD98-45FA-BC5D-E1D62CA8FC41}.Debug|Any CPU.ActiveCfg = Debug|Any CPU
		{58D7F807-DD98-45FA-BC5D-E1D62CA8FC41}.Debug|Any CPU.Build.0 = Debug|Any CPU
		{58D7F807-DD98-45FA-BC5D-E1D62CA8FC41}.Release|Any CPU.ActiveCfg = Release|Any CPU
		{58D7F807-DD98-45FA-BC5D-E1D62CA8FC41}.Release|Any CPU.Build.0 = Release|Any CPU
	EndGlobalSection
	GlobalSection(SolutionProperties) = preSolution
		HideSolutionNode = FALSE
	EndGlobalSection
	GlobalSection(ExtensibilityGlobals) = postSolution
		SolutionGuid = {02A6A2C0-6EF2-4462-BF95-21F34B044A4D}
	EndGlobalSection
EndGlobal
