
Microsoft Visual Studio Solution File, Format Version 12.00
# Visual Studio Version 16
VisualStudioVersion = 16.0.33328.57
MinimumVisualStudioVersion = 10.0.40219.1
Project("{FAE04EC0-301F-11D3-BF4B-00C04F79EFBC}") = "15", "15\15.csproj", "{37536C6F-E0A8-4BB4-A63D-34CA93B4FDC3}"
EndProject
Global
	GlobalSection(SolutionConfigurationPlatforms) = preSolution
		Debug|Any CPU = Debug|Any CPU
		Release|Any CPU = Release|Any CPU
	EndGlobalSection
	GlobalSection(ProjectConfigurationPlatforms) = postSolution
		{37536C6F-E0A8-4BB4-A63D-34CA93B4FDC3}.Debug|Any CPU.ActiveCfg = Debug|Any CPU
		{37536C6F-E0A8-4BB4-A63D-34CA93B4FDC3}.Debug|Any CPU.Build.0 = Debug|Any CPU
		{37536C6F-E0A8-4BB4-A63D-34CA93B4FDC3}.Release|Any CPU.ActiveCfg = Release|Any CPU
		{37536C6F-E0A8-4BB4-A63D-34CA93B4FDC3}.Release|Any CPU.Build.0 = Release|Any CPU
	EndGlobalSection
	GlobalSection(SolutionProperties) = preSolution
		HideSolutionNode = FALSE
	EndGlobalSection
	GlobalSection(ExtensibilityGlobals) = postSolution
		SolutionGuid = {DB95C389-5C88-47F4-9D70-1B353142D4F7}
	EndGlobalSection
EndGlobal
