
Microsoft Visual Studio Solution File, Format Version 12.00
# Visual Studio Version 17
VisualStudioVersion = 17.5.33424.131
MinimumVisualStudioVersion = 10.0.40219.1
Project("{FAE04EC0-301F-11D3-BF4B-00C04F79EFBC}") = "KMZI_Lab8", "KMZI_Lab8\KMZI_Lab8.csproj", "{4D5F1F1F-8EBC-4EF7-8C06-1D77F8330913}"
EndProject
Global
	GlobalSection(SolutionConfigurationPlatforms) = preSolution
		Debug|Any CPU = Debug|Any CPU
		Release|Any CPU = Release|Any CPU
	EndGlobalSection
	GlobalSection(ProjectConfigurationPlatforms) = postSolution
		{4D5F1F1F-8EBC-4EF7-8C06-1D77F8330913}.Debug|Any CPU.ActiveCfg = Debug|Any CPU
		{4D5F1F1F-8EBC-4EF7-8C06-1D77F8330913}.Debug|Any CPU.Build.0 = Debug|Any CPU
		{4D5F1F1F-8EBC-4EF7-8C06-1D77F8330913}.Release|Any CPU.ActiveCfg = Release|Any CPU
		{4D5F1F1F-8EBC-4EF7-8C06-1D77F8330913}.Release|Any CPU.Build.0 = Release|Any CPU
	EndGlobalSection
	GlobalSection(SolutionProperties) = preSolution
		HideSolutionNode = FALSE
	EndGlobalSection
	GlobalSection(ExtensibilityGlobals) = postSolution
		SolutionGuid = {740D9CDC-BEBF-4991-890A-0A572701310C}
	EndGlobalSection
EndGlobal
